
Microsoft Visual Studio Solution File, Format Version 12.00
# Visual Studio Version 17
VisualStudioVersion = 17.14.36221.1
MinimumVisualStudioVersion = 10.0.40219.1
Project("{FAE04EC0-301F-11D3-BF4B-00C04F79EFBC}") = "SC4LuaFileHash", "SC4LuaFileHash.csproj", "{D0C692DD-34DD-484E-A333-9EF5F25F88A7}"
EndProject
Global
	GlobalSection(SolutionConfigurationPlatforms) = preSolution
		Debug|Any CPU = Debug|Any CPU
		Release|Any CPU = Release|Any CPU
	EndGlobalSection
	GlobalSection(ProjectConfigurationPlatforms) = postSolution
		{D0C692DD-34DD-484E-A333-9EF5F25F88A7}.Debug|Any CPU.ActiveCfg = Debug|Any CPU
		{D0C692DD-34DD-484E-A333-9EF5F25F88A7}.Debug|Any CPU.Build.0 = Debug|Any CPU
		{D0C692DD-34DD-484E-A333-9EF5F25F88A7}.Release|Any CPU.ActiveCfg = Release|Any CPU
		{D0C692DD-34DD-484E-A333-9EF5F25F88A7}.Release|Any CPU.Build.0 = Release|Any CPU
	EndGlobalSection
	GlobalSection(SolutionProperties) = preSolution
		HideSolutionNode = FALSE
	EndGlobalSection
	GlobalSection(ExtensibilityGlobals) = postSolution
		SolutionGuid = {D2D592F0-9725-43F0-B52A-2762367746FB}
	EndGlobalSection
EndGlobal
